
Microsoft Visual Studio Solution File, Format Version 12.00
# Visual Studio Version 17
VisualStudioVersion = 17.11.35312.102
MinimumVisualStudioVersion = 10.0.40219.1
Project("{2150E333-8FDC-42A3-9474-1A3956D46DE8}") = "Task0", "Task0", "{7F81C1C2-B00F-4852-B80A-4840CAEBA1D3}"
EndProject
Project("{FAE04EC0-301F-11D3-BF4B-00C04F79EFBC}") = "Tyuiu.PiskulinIY.Sprint7.Task0.V13", "Tyuiu.PiskulinIY.Sprint7.Task0.V13\Tyuiu.PiskulinIY.Sprint7.Task0.V13.csproj", "{963C7A35-0F3F-41B9-83C3-DEC16F89B51E}"
EndProject
Project("{FAE04EC0-301F-11D3-BF4B-00C04F79EFBC}") = "Tyuiu.PiskulinIY.Sprint7.Task0.V13.Lib", "Tyuiu.PiskulinIY.Sprint7.Task0.V13.Lib\Tyuiu.PiskulinIY.Sprint7.Task0.V13.Lib.csproj", "{59088264-D834-4922-B980-FCFD079860C2}"
EndProject
Project("{FAE04EC0-301F-11D3-BF4B-00C04F79EFBC}") = "Tyuiu.PiskulinIY.Sprint7.Task0.V13.Test", "Tyuiu.PiskulinIY.Sprint7.Task0.V13.Test\Tyuiu.PiskulinIY.Sprint7.Task0.V13.Test.csproj", "{5CA9D604-0AE3-4D63-A70D-2D93AB62A840}"
EndProject
Global
	GlobalSection(SolutionConfigurationPlatforms) = preSolution
		Debug|Any CPU = Debug|Any CPU
		Release|Any CPU = Release|Any CPU
	EndGlobalSection
	GlobalSection(ProjectConfigurationPlatforms) = postSolution
		{963C7A35-0F3F-41B9-83C3-DEC16F89B51E}.Debug|Any CPU.ActiveCfg = Debug|Any CPU
		{963C7A35-0F3F-41B9-83C3-DEC16F89B51E}.Debug|Any CPU.Build.0 = Debug|Any CPU
		{963C7A35-0F3F-41B9-83C3-DEC16F89B51E}.Release|Any CPU.ActiveCfg = Release|Any CPU
		{963C7A35-0F3F-41B9-83C3-DEC16F89B51E}.Release|Any CPU.Build.0 = Release|Any CPU
		{59088264-D834-4922-B980-FCFD079860C2}.Debug|Any CPU.ActiveCfg = Debug|Any CPU
		{59088264-D834-4922-B980-FCFD079860C2}.Debug|Any CPU.Build.0 = Debug|Any CPU
		{59088264-D834-4922-B980-FCFD079860C2}.Release|Any CPU.ActiveCfg = Release|Any CPU
		{59088264-D834-4922-B980-FCFD079860C2}.Release|Any CPU.Build.0 = Release|Any CPU
		{5CA9D604-0AE3-4D63-A70D-2D93AB62A840}.Debug|Any CPU.ActiveCfg = Debug|Any CPU
		{5CA9D604-0AE3-4D63-A70D-2D93AB62A840}.Debug|Any CPU.Build.0 = Debug|Any CPU
		{5CA9D604-0AE3-4D63-A70D-2D93AB62A840}.Release|Any CPU.ActiveCfg = Release|Any CPU
		{5CA9D604-0AE3-4D63-A70D-2D93AB62A840}.Release|Any CPU.Build.0 = Release|Any CPU
	EndGlobalSection
	GlobalSection(SolutionProperties) = preSolution
		HideSolutionNode = FALSE
	EndGlobalSection
	GlobalSection(NestedProjects) = preSolution
		{963C7A35-0F3F-41B9-83C3-DEC16F89B51E} = {7F81C1C2-B00F-4852-B80A-4840CAEBA1D3}
		{59088264-D834-4922-B980-FCFD079860C2} = {7F81C1C2-B00F-4852-B80A-4840CAEBA1D3}
		{5CA9D604-0AE3-4D63-A70D-2D93AB62A840} = {7F81C1C2-B00F-4852-B80A-4840CAEBA1D3}
	EndGlobalSection
	GlobalSection(ExtensibilityGlobals) = postSolution
		SolutionGuid = {8D0EA691-D3A5-4EEC-9109-D00811D1BFCB}
	EndGlobalSection
EndGlobal
